
Microsoft Visual Studio Solution File, Format Version 12.00
# Visual Studio 2012
Project("{8BC9CEB8-8B4A-11D0-8D11-00A0C91BC942}") = "客户终端", "客户终端\客户终端.vcxproj", "{E6EE5D48-3CFD-4168-80F7-5881563BBC74}"
EndProject
Global
	GlobalSection(SolutionConfigurationPlatforms) = preSolution
		Debug|Win32 = Debug|Win32
		Release|Win32 = Release|Win32
	EndGlobalSection
	GlobalSection(ProjectConfigurationPlatforms) = postSolution
		{E6EE5D48-3CFD-4168-80F7-5881563BBC74}.Debug|Win32.ActiveCfg = Debug|Win32
		{E6EE5D48-3CFD-4168-80F7-5881563BBC74}.Debug|Win32.Build.0 = Debug|Win32
		{E6EE5D48-3CFD-4168-80F7-5881563BBC74}.Release|Win32.ActiveCfg = Release|Win32
		{E6EE5D48-3CFD-4168-80F7-5881563BBC74}.Release|Win32.Build.0 = Release|Win32
	EndGlobalSection
	GlobalSection(SolutionProperties) = preSolution
		HideSolutionNode = FALSE
	EndGlobalSection
EndGlobal
